{
  "name": "c",
  "version": "1.0.0",
  "lockfileVersion": 1,
  "requires": true,
  "dependencies": {
    "ansi-colors": {
      "version": "1.1.0",
      "resolved": "https://registry.npm.taobao.org/ansi-colors/download/ansi-colors-1.1.0.tgz",
      "integrity": "sha1-Y3S03V1HGP884npnGjscrQdxMqk=",
      "requires": {
        "ansi-wrap": "^0.1.0"
      }
    },
    "ansi-wrap": {
      "version": "0.1.0",
      "resolved": "https://registry.npm.taobao.org/ansi-wrap/download/ansi-wrap-0.1.0.tgz",
      "integrity": "sha1-qCJQ3bABXponyoLoLqYDu/pF768="
    },
    "arr-diff": {
      "version": "4.0.0",
      "resolved": "https://registry.npm.taobao.org/arr-diff/download/arr-diff-4.0.0.tgz",
      "integrity": "sha1-1kYQdP6/7HHn4VI1dhoyml3HxSA="
    },
    "arr-union": {
      "version": "3.1.0",
      "resolved": "https://registry.npm.taobao.org/arr-union/download/arr-union-3.1.0.tgz",
      "integrity": "sha1-45sJrqne+Gao8gbiiK9jkZuuOcQ="
    },
    "array-each": {
      "version": "1.0.1",
      "resolved": "https://registry.npm.taobao.org/array-each/download/array-each-1.0.1.tgz",
      "integrity": "sha1-p5SvDAWrF1KEbudTofIRoFugxE8="
    },
    "assign-symbols": {
      "version": "1.0.0",
      "resolved": "https://registry.npm.taobao.org/assign-symbols/download/assign-symbols-1.0.0.tgz",
      "integrity": "sha1-WWZ/QfrdTyDMvCu5a41Pf3jsA2c="
    },
    "balanced-match": {
      "version": "1.0.0",
      "resolved": "https://registry.npm.taobao.org/balanced-match/download/balanced-match-1.0.0.tgz",
      "integrity": "sha1-ibTRmasr7kneFk6gK4nORi1xt2c="
    },
    "buffer-from": {
      "version": "1.1.1",
      "resolved": "https://registry.npm.taobao.org/buffer-from/download/buffer-from-1.1.1.tgz",
      "integrity": "sha1-MnE7wCj3XAL9txDXx7zsHyxgcO8="
    },
    "camel-case": {
      "version": "3.0.0",
      "resolved": "https://registry.npm.taobao.org/camel-case/download/camel-case-3.0.0.tgz",
      "integrity": "sha1-yjw2iKTpzzpM2nd9xNy8cTJJz3M=",
      "requires": {
        "no-case": "^2.2.0",
        "upper-case": "^1.1.1"
      }
    },
    "clean-css": {
      "version": "4.2.3",
      "resolved": "https://registry.npm.taobao.org/clean-css/download/clean-css-4.2.3.tgz",
      "integrity": "sha1-UHtd59l7SO5T2ErbAWD/YhY4D3g=",
      "requires": {
        "source-map": "~0.6.0"
      }
    },
    "clone": {
      "version": "2.1.2",
      "resolved": "https://registry.npm.taobao.org/clone/download/clone-2.1.2.tgz",
      "integrity": "sha1-G39Ln1kfHo+DZwQBYANFoCiHQ18="
    },
    "clone-buffer": {
      "version": "1.0.0",
      "resolved": "https://registry.npm.taobao.org/clone-buffer/download/clone-buffer-1.0.0.tgz",
      "integrity": "sha1-4+JbIHrE5wGvch4staFnksrD3Fg="
    },
    "clone-stats": {
      "version": "1.0.0",
      "resolved": "https://registry.npm.taobao.org/clone-stats/download/clone-stats-1.0.0.tgz",
      "integrity": "sha1-s3gt/4u1R04Yuba/D9/ngvh3doA="
    },
    "cloneable-readable": {
      "version": "1.1.3",
      "resolved": "https://registry.npm.taobao.org/cloneable-readable/download/cloneable-readable-1.1.3.tgz",
      "integrity": "sha1-EgoAywU7+2OiIucJ+Wg+ouEdjOw=",
      "requires": {
        "inherits": "^2.0.1",
        "process-nextick-args": "^2.0.0",
        "readable-stream": "^2.3.5"
      }
    },
    "commander": {
      "version": "2.17.1",
      "resolved": "https://registry.npm.taobao.org/commander/download/commander-2.17.1.tgz?cache=0&sync_timestamp=1595168120323&other_urls=https%3A%2F%2Fregistry.npm.taobao.org%2Fcommander%2Fdownload%2Fcommander-2.17.1.tgz",
      "integrity": "sha1-vXerfebelCBc6sxy8XFtKfIKd78="
    },
    "concat-stream": {
      "version": "2.0.0",
      "resolved": "https://registry.npm.taobao.org/concat-stream/download/concat-stream-2.0.0.tgz",
      "integrity": "sha1-QUz1r3kKSMYKub5FJ9VtXkETPLE=",
      "requires": {
        "buffer-from": "^1.0.0",
        "inherits": "^2.0.3",
        "readable-stream": "^3.0.2",
        "typedarray": "^0.0.6"
      },
      "dependencies": {
        "readable-stream": {
          "version": "3.6.0",
          "resolved": "https://registry.npm.taobao.org/readable-stream/download/readable-stream-3.6.0.tgz",
          "integrity": "sha1-M3u9o63AcGvT4CRCaihtS0sskZg=",
          "requires": {
            "inherits": "^2.0.3",
            "string_decoder": "^1.1.1",
            "util-deprecate": "^1.0.1"
          }
        }
      }
    },
    "core-util-is": {
      "version": "1.0.2",
      "resolved": "https://registry.npm.taobao.org/core-util-is/download/core-util-is-1.0.2.tgz",
      "integrity": "sha1-tf1UIgqivFq1eqtxQMlAdUUDwac="
    },
    "css-tree": {
      "version": "1.0.0-alpha.39",
      "resolved": "https://registry.npm.taobao.org/css-tree/download/css-tree-1.0.0-alpha.39.tgz",
      "integrity": "sha1-K/8//huz93bPfu/ZHuXLp3oUnus=",
      "dev": true,
      "requires": {
        "mdn-data": "2.0.6",
        "source-map": "^0.6.1"
      }
    },
    "csso": {
      "version": "4.0.3",
      "resolved": "https://registry.npm.taobao.org/csso/download/csso-4.0.3.tgz",
      "integrity": "sha1-DZmF3IUsfMKyys+74QeQFNGo6QM=",
      "dev": true,
      "requires": {
        "css-tree": "1.0.0-alpha.39"
      }
    },
    "extend": {
      "version": "3.0.2",
      "resolved": "https://registry.npm.taobao.org/extend/download/extend-3.0.2.tgz",
      "integrity": "sha1-+LETa0Bx+9jrFAr/hYsQGewpFfo="
    },
    "extend-shallow": {
      "version": "3.0.2",
      "resolved": "https://registry.npm.taobao.org/extend-shallow/download/extend-shallow-3.0.2.tgz",
      "integrity": "sha1-Jqcarwc7OfshJxcnRhMcJwQCjbg=",
      "requires": {
        "assign-symbols": "^1.0.0",
        "is-extendable": "^1.0.1"
      }
    },
    "flatnest": {
      "version": "1.0.0",
      "resolved": "https://registry.npm.taobao.org/flatnest/download/flatnest-1.0.0.tgz",
      "integrity": "sha1-IEIa0FtGxjytMO8UqOxiX4az8cU="
    },
    "glogg": {
      "version": "1.0.2",
      "resolved": "https://registry.npm.taobao.org/glogg/download/glogg-1.0.2.tgz",
      "integrity": "sha1-LX3XAr7aIus7/634gGltpthGMT8=",
      "requires": {
        "sparkles": "^1.0.0"
      }
    },
    "gulp-csso": {
      "version": "4.0.1",
      "resolved": "https://registry.npm.taobao.org/gulp-csso/download/gulp-csso-4.0.1.tgz",
      "integrity": "sha1-wqwrX3E47QQHPtj3z4nBL3FlgNA=",
      "dev": true,
      "requires": {
        "csso": "^4.0.0",
        "plugin-error": "^1.0.0",
        "vinyl-sourcemaps-apply": "^0.2.1"
      }
    },
    "gulp-file-include": {
      "version": "2.2.2",
      "resolved": "https://registry.npm.taobao.org/gulp-file-include/download/gulp-file-include-2.2.2.tgz",
      "integrity": "sha1-WqYzc/fXhAZRRxrsja48GCesdVA=",
      "requires": {
        "balanced-match": "^1.0.0",
        "concat-stream": "^2.0.0",
        "extend": "^3.0.2",
        "flatnest": "^1.0.0",
        "json5": "^2.1.3",
        "plugin-error": "^1.0.1",
        "through2": "^3.0.1",
        "vinyl": "^2.2.0"
      },
      "dependencies": {
        "through2": {
          "version": "3.0.2",
          "resolved": "https://registry.npm.taobao.org/through2/download/through2-3.0.2.tgz?cache=0&sync_timestamp=1593478647766&other_urls=https%3A%2F%2Fregistry.npm.taobao.org%2Fthrough2%2Fdownload%2Fthrough2-3.0.2.tgz",
          "integrity": "sha1-mfiJMc/HYex2eLQdXXM2tbage/Q=",
          "requires": {
            "inherits": "^2.0.4",
            "readable-stream": "2 || 3"
          }
        }
      }
    },
    "gulp-htmlmin": {
      "version": "5.0.1",
      "resolved": "https://registry.npm.taobao.org/gulp-htmlmin/download/gulp-htmlmin-5.0.1.tgz",
      "integrity": "sha1-kPxeitBCWp6G1dUhQnGE5ydjZec=",
      "requires": {
        "html-minifier": "^3.5.20",
        "plugin-error": "^1.0.1",
        "through2": "^2.0.3"
      }
    },
    "gulp-uglify": {
      "version": "3.0.2",
      "resolved": "https://registry.npm.taobao.org/gulp-uglify/download/gulp-uglify-3.0.2.tgz",
      "integrity": "sha1-X1sugzf4ecqd7Jcf6xuCpah4ULA=",
      "requires": {
        "array-each": "^1.0.1",
        "extend-shallow": "^3.0.2",
        "gulplog": "^1.0.0",
        "has-gulplog": "^0.1.0",
        "isobject": "^3.0.1",
        "make-error-cause": "^1.1.1",
        "safe-buffer": "^5.1.2",
        "through2": "^2.0.0",
        "uglify-js": "^3.0.5",
        "vinyl-sourcemaps-apply": "^0.2.0"
      }
    },
    "gulplog": {
      "version": "1.0.0",
      "resolved": "https://registry.npm.taobao.org/gulplog/download/gulplog-1.0.0.tgz",
      "integrity": "sha1-4oxNRdBey77YGDY86PnFkmIp/+U=",
      "requires": {
        "glogg": "^1.0.0"
      }
    },
    "has-gulplog": {
      "version": "0.1.0",
      "resolved": "https://registry.npm.taobao.org/has-gulplog/download/has-gulplog-0.1.0.tgz",
      "integrity": "sha1-ZBTIKRNpfaUVkDl9r7EvIpZ4Ec4=",
      "requires": {
        "sparkles": "^1.0.0"
      }
    },
    "he": {
      "version": "1.2.0",
      "resolved": "https://registry.npm.taobao.org/he/download/he-1.2.0.tgz",
      "integrity": "sha1-hK5l+n6vsWX922FWauFLrwVmTw8="
    },
    "html-minifier": {
      "version": "3.5.21",
      "resolved": "https://registry.npm.taobao.org/html-minifier/download/html-minifier-3.5.21.tgz",
      "integrity": "sha1-0AQOBUcw41TbAIRjWTGUAVIS0gw=",
      "requires": {
        "camel-case": "3.0.x",
        "clean-css": "4.2.x",
        "commander": "2.17.x",
        "he": "1.2.x",
        "param-case": "2.1.x",
        "relateurl": "0.2.x",
        "uglify-js": "3.4.x"
      }
    },
    "inherits": {
      "version": "2.0.4",
      "resolved": "https://registry.npm.taobao.org/inherits/download/inherits-2.0.4.tgz",
      "integrity": "sha1-D6LGT5MpF8NDOg3tVTY6rjdBa3w="
    },
    "is-extendable": {
      "version": "1.0.1",
      "resolved": "https://registry.npm.taobao.org/is-extendable/download/is-extendable-1.0.1.tgz",
      "integrity": "sha1-p0cPnkJnM9gb2B4RVSZOOjUHyrQ=",
      "requires": {
        "is-plain-object": "^2.0.4"
      }
    },
    "is-plain-object": {
      "version": "2.0.4",
      "resolved": "https://registry.npm.taobao.org/is-plain-object/download/is-plain-object-2.0.4.tgz",
      "integrity": "sha1-LBY7P6+xtgbZ0Xko8FwqHDjgdnc=",
      "requires": {
        "isobject": "^3.0.1"
      }
    },
    "isarray": {
      "version": "1.0.0",
      "resolved": "https://registry.npm.taobao.org/isarray/download/isarray-1.0.0.tgz",
      "integrity": "sha1-u5NdSFgsuhaMBoNJV6VKPgcSTxE="
    },
    "isobject": {
      "version": "3.0.1",
      "resolved": "https://registry.npm.taobao.org/isobject/download/isobject-3.0.1.tgz",
      "integrity": "sha1-TkMekrEalzFjaqH5yNHMvP2reN8="
    },
    "json5": {
      "version": "2.1.3",
      "resolved": "https://registry.npm.taobao.org/json5/download/json5-2.1.3.tgz",
      "integrity": "sha1-ybD3+pIzv+WAf+ZvzzpWF+1ZfUM=",
      "requires": {
        "minimist": "^1.2.5"
      }
    },
    "lower-case": {
      "version": "1.1.4",
      "resolved": "https://registry.npm.taobao.org/lower-case/download/lower-case-1.1.4.tgz",
      "integrity": "sha1-miyr0bno4K6ZOkv31YdcOcQujqw="
    },
    "make-error": {
      "version": "1.3.6",
      "resolved": "https://registry.npm.taobao.org/make-error/download/make-error-1.3.6.tgz",
      "integrity": "sha1-LrLjfqm2fEiR9oShOUeZr0hM96I="
    },
    "make-error-cause": {
      "version": "1.2.2",
      "resolved": "https://registry.npm.taobao.org/make-error-cause/download/make-error-cause-1.2.2.tgz",
      "integrity": "sha1-3wOI/NCzeBbf8KX7gQiTl3fcvJ0=",
      "requires": {
        "make-error": "^1.2.0"
      }
    },
    "mdn-data": {
      "version": "2.0.6",
      "resolved": "https://registry.npm.taobao.org/mdn-data/download/mdn-data-2.0.6.tgz",
      "integrity": "sha1-hS3GD8ql2qLoz2yRicRA7T4EKXg=",
      "dev": true
    },
    "minimist": {
      "version": "1.2.5",
      "resolved": "https://registry.npm.taobao.org/minimist/download/minimist-1.2.5.tgz",
      "integrity": "sha1-Z9ZgFLZqaoqqDAg8X9WN9OTpdgI="
    },
    "no-case": {
      "version": "2.3.2",
      "resolved": "https://registry.npm.taobao.org/no-case/download/no-case-2.3.2.tgz",
      "integrity": "sha1-YLgTOWvjmz8SiKTB7V0efSi0ZKw=",
      "requires": {
        "lower-case": "^1.1.1"
      }
    },
    "param-case": {
      "version": "2.1.1",
      "resolved": "https://registry.npm.taobao.org/param-case/download/param-case-2.1.1.tgz",
      "integrity": "sha1-35T9jPZTHs915r75oIWPvHK+Ikc=",
      "requires": {
        "no-case": "^2.2.0"
      }
    },
    "plugin-error": {
      "version": "1.0.1",
      "resolved": "https://registry.npm.taobao.org/plugin-error/download/plugin-error-1.0.1.tgz",
      "integrity": "sha1-dwFr2JGdCsN3/c3QMiMolTyleBw=",
      "requires": {
        "ansi-colors": "^1.0.1",
        "arr-diff": "^4.0.0",
        "arr-union": "^3.1.0",
        "extend-shallow": "^3.0.2"
      }
    },
    "process-nextick-args": {
      "version": "2.0.1",
      "resolved": "https://registry.npm.taobao.org/process-nextick-args/download/process-nextick-args-2.0.1.tgz",
      "integrity": "sha1-eCDZsWEgzFXKmud5JoCufbptf+I="
    },
    "readable-stream": {
      "version": "2.3.7",
      "resolved": "https://registry.npm.taobao.org/readable-stream/download/readable-stream-2.3.7.tgz",
      "integrity": "sha1-Hsoc9xGu+BTAT2IlKjamL2yyO1c=",
      "requires": {
        "core-util-is": "~1.0.0",
        "inherits": "~2.0.3",
        "isarray": "~1.0.0",
        "process-nextick-args": "~2.0.0",
        "safe-buffer": "~5.1.1",
        "string_decoder": "~1.1.1",
        "util-deprecate": "~1.0.1"
      }
    },
    "relateurl": {
      "version": "0.2.7",
      "resolved": "https://registry.npm.taobao.org/relateurl/download/relateurl-0.2.7.tgz",
      "integrity": "sha1-VNvzd+UUQKypCkzSdGANP/LYiKk="
    },
    "remove-trailing-separator": {
      "version": "1.1.0",
      "resolved": "https://registry.npm.taobao.org/remove-trailing-separator/download/remove-trailing-separator-1.1.0.tgz",
      "integrity": "sha1-wkvOKig62tW8P1jg1IJJuSN52O8="
    },
    "replace-ext": {
      "version": "1.0.1",
      "resolved": "https://registry.npm.taobao.org/replace-ext/download/replace-ext-1.0.1.tgz",
      "integrity": "sha1-LW2ZbQShWFXZZ0Q2Md1fd4JbAWo="
    },
    "safe-buffer": {
      "version": "5.1.2",
      "resolved": "https://registry.npm.taobao.org/safe-buffer/download/safe-buffer-5.1.2.tgz",
      "integrity": "sha1-mR7GnSluAxN0fVm9/St0XDX4go0="
    },
    "source-map": {
      "version": "0.6.1",
      "resolved": "https://registry.npm.taobao.org/source-map/download/source-map-0.6.1.tgz",
      "integrity": "sha1-dHIq8y6WFOnCh6jQu95IteLxomM="
    },
    "sparkles": {
      "version": "1.0.1",
      "resolved": "https://registry.npm.taobao.org/sparkles/download/sparkles-1.0.1.tgz",
      "integrity": "sha1-AI22XtzmxQ7sDF4ijhlFBh3QQ3w="
    },
    "string_decoder": {
      "version": "1.1.1",
      "resolved": "https://registry.npm.taobao.org/string_decoder/download/string_decoder-1.1.1.tgz",
      "integrity": "sha1-nPFhG6YmhdcDCunkujQUnDrwP8g=",
      "requires": {
        "safe-buffer": "~5.1.0"
      }
    },
    "through2": {
      "version": "2.0.5",
      "resolved": "https://registry.npm.taobao.org/through2/download/through2-2.0.5.tgz?cache=0&sync_timestamp=1593478647766&other_urls=https%3A%2F%2Fregistry.npm.taobao.org%2Fthrough2%2Fdownload%2Fthrough2-2.0.5.tgz",
      "integrity": "sha1-AcHjnrMdB8t9A6lqcIIyYLIxMs0=",
      "requires": {
        "readable-stream": "~2.3.6",
        "xtend": "~4.0.1"
      }
    },
    "typedarray": {
      "version": "0.0.6",
      "resolved": "https://registry.npm.taobao.org/typedarray/download/typedarray-0.0.6.tgz?cache=0&sync_timestamp=1596697411295&other_urls=https%3A%2F%2Fregistry.npm.taobao.org%2Ftypedarray%2Fdownload%2Ftypedarray-0.0.6.tgz",
      "integrity": "sha1-hnrHTjhkGHsdPUfZlqeOxciDB3c="
    },
    "uglify-js": {
      "version": "3.4.10",
      "resolved": "https://registry.npm.taobao.org/uglify-js/download/uglify-js-3.4.10.tgz",
      "integrity": "sha1-mtlWPY6zrN+404WX0q8dgV9qdV8=",
      "requires": {
        "commander": "~2.19.0",
        "source-map": "~0.6.1"
      },
      "dependencies": {
        "commander": {
          "version": "2.19.0",
          "resolved": "https://registry.npm.taobao.org/commander/download/commander-2.19.0.tgz?cache=0&sync_timestamp=1595168120323&other_urls=https%3A%2F%2Fregistry.npm.taobao.org%2Fcommander%2Fdownload%2Fcommander-2.19.0.tgz",
          "integrity": "sha1-9hmKqE5bg8RgVLlN3tv+1e6f8So="
        }
      }
    },
    "upper-case": {
      "version": "1.1.3",
      "resolved": "https://registry.npm.taobao.org/upper-case/download/upper-case-1.1.3.tgz",
      "integrity": "sha1-9rRQHC7EzdJrp4vnIilh3ndiFZg="
    },
    "util-deprecate": {
      "version": "1.0.2",
      "resolved": "https://registry.npm.taobao.org/util-deprecate/download/util-deprecate-1.0.2.tgz",
      "integrity": "sha1-RQ1Nyfpw3nMnYvvS1KKJgUGaDM8="
    },
    "vinyl": {
      "version": "2.2.0",
      "resolved": "https://registry.npm.taobao.org/vinyl/download/vinyl-2.2.0.tgz",
      "integrity": "sha1-2FsH2pbkWNJbL/4Z/s6fLKoT7YY=",
      "requires": {
        "clone": "^2.1.1",
        "clone-buffer": "^1.0.0",
        "clone-stats": "^1.0.0",
        "cloneable-readable": "^1.0.0",
        "remove-trailing-separator": "^1.0.1",
        "replace-ext": "^1.0.0"
      }
    },
    "vinyl-sourcemaps-apply": {
      "version": "0.2.1",
      "resolved": "https://registry.npm.taobao.org/vinyl-sourcemaps-apply/download/vinyl-sourcemaps-apply-0.2.1.tgz",
      "integrity": "sha1-q2VJ1h0XLCsbh75cUI0jnI74dwU=",
      "requires": {
        "source-map": "^0.5.1"
      },
      "dependencies": {
        "source-map": {
          "version": "0.5.7",
          "resolved": "https://registry.npm.taobao.org/source-map/download/source-map-0.5.7.tgz",
          "integrity": "sha1-igOdLRAh0i0eoUyA2OpGi6LvP8w="
        }
      }
    },
    "xtend": {
      "version": "4.0.2",
      "resolved": "https://registry.npm.taobao.org/xtend/download/xtend-4.0.2.tgz?cache=0&sync_timestamp=1596697437792&other_urls=https%3A%2F%2Fregistry.npm.taobao.org%2Fxtend%2Fdownload%2Fxtend-4.0.2.tgz",
      "integrity": "sha1-u3J3n1+kZRhrH0OPZ0+jR/2121Q="
    }
  }
}
